<?xml version="1.0" encoding="utf-8"?>
<Project ToolsVersion="4.0" xmlns="http://schemas.microsoft.com/developer/msbuild/2003">
  <ItemGroup>
    <Filter Include="Archivos de código fuente">
      <UniqueIdentifier>{4FC737F1-C7A5-4376-A066-2A32D752A2FF}</UniqueIdentifier>
      <Extensions>cpp;c;cc;cxx;def;odl;idl;hpj;bat;asm;asmx</Extensions>
    </Filter>
    <Filter Include="Archivos de encabezado">
      <UniqueIdentifier>{93995380-89BD-4b04-88EB-625FBE52EBFB}</UniqueIdentifier>
      <Extensions>h;hh;hpp;hxx;hm;inl;inc;xsd</Extensions>
    </Filter>
    <Filter Include="Archivos de recursos">
      <UniqueIdentifier>{67DA6AB6-F800-4c08-8B7A-83BB121AAD01}</UniqueIdentifier>
      <Extensions>rc;ico;cur;bmp;dlg;rc2;rct;bin;rgs;gif;jpg;jpeg;jpe;resx;tiff;tif;png;wav;mfcribbon-ms</Extensions>
    </Filter>
    <Filter Include="Archivos de código fuente\ogl">
      <UniqueIdentifier>{14e7571c-9be4-4389-a3b8-d8cf4d11b623}</UniqueIdentifier>
    </Filter>
    <Filter Include="Archivos de código fuente\vlc">
      <UniqueIdentifier>{d7fff755-0968-4388-a0b3-020dff18ca59}</UniqueIdentifier>
    </Filter>
  </ItemGroup>
  <ItemGroup>
    <Text Include="ReadMe.txt" />
  </ItemGroup>
  <ItemGroup>
    <ClInclude Include="stdafx.h">
      <Filter>Archivos de encabezado</Filter>
    </ClInclude>
    <ClInclude Include="targetver.h">
      <Filter>Archivos de encabezado</Filter>
    </ClInclude>
    <ClInclude Include="VRPlayer.h">
      <Filter>Archivos de encabezado</Filter>
    </ClInclude>
    <ClInclude Include="camera.h">
      <Filter>Archivos de código fuente\ogl</Filter>
    </ClInclude>
    <ClInclude Include="mesh.h">
      <Filter>Archivos de código fuente\ogl</Filter>
    </ClInclude>
    <ClInclude Include="shader.h">
      <Filter>Archivos de código fuente\ogl</Filter>
    </ClInclude>
    <ClInclude Include="texture.h">
      <Filter>Archivos de código fuente\ogl</Filter>
    </ClInclude>
    <ClInclude Include="video.h">
      <Filter>Archivos de código fuente\vlc</Filter>
    </ClInclude>
    <ClInclude Include="keybmanager.h">
      <Filter>Archivos de código fuente\ogl</Filter>
    </ClInclude>
    <ClInclude Include="engine.h">
      <Filter>Archivos de código fuente\ogl</Filter>
    </ClInclude>
    <ClInclude Include="rendertarget.h">
      <Filter>Archivos de código fuente\ogl</Filter>
    </ClInclude>
    <ClInclude Include="vrdevice.h">
      <Filter>Archivos de código fuente\ogl</Filter>
    </ClInclude>
  </ItemGroup>
  <ItemGroup>
    <ClCompile Include="VRPlayer.cpp">
      <Filter>Archivos de código fuente</Filter>
    </ClCompile>
    <ClCompile Include="camera.cpp">
      <Filter>Archivos de código fuente\ogl</Filter>
    </ClCompile>
    <ClCompile Include="dllmain.cpp">
      <Filter>Archivos de código fuente\ogl</Filter>
    </ClCompile>
    <ClCompile Include="mesh.cpp">
      <Filter>Archivos de código fuente\ogl</Filter>
    </ClCompile>
    <ClCompile Include="shader.cpp">
      <Filter>Archivos de código fuente\ogl</Filter>
    </ClCompile>
    <ClCompile Include="stdafx.cpp">
      <Filter>Archivos de código fuente\ogl</Filter>
    </ClCompile>
    <ClCompile Include="texture.cpp">
      <Filter>Archivos de código fuente\ogl</Filter>
    </ClCompile>
    <ClCompile Include="video.cpp">
      <Filter>Archivos de código fuente\vlc</Filter>
    </ClCompile>
    <ClCompile Include="keybmanager.cpp">
      <Filter>Archivos de código fuente\ogl</Filter>
    </ClCompile>
    <ClCompile Include="engine.cpp">
      <Filter>Archivos de código fuente\ogl</Filter>
    </ClCompile>
    <ClCompile Include="rendertarget.cpp">
      <Filter>Archivos de código fuente\ogl</Filter>
    </ClCompile>
    <ClCompile Include="vrdevice.cpp">
      <Filter>Archivos de código fuente\ogl</Filter>
    </ClCompile>
  </ItemGroup>
</Project>