
Microsoft Visual Studio Solution File, Format Version 12.00
# Visual Studio 14
VisualStudioVersion = 14.0.25420.1
MinimumVisualStudioVersion = 10.0.40219.1
Project("{FAE04EC0-301F-11D3-BF4B-00C04F79EFBC}") = "PSVRFramework", "PSVRFramework\PSVRFramework.csproj", "{2FE9F4C1-268E-4126-A2B5-56D54882933B}"
EndProject
Project("{FAE04EC0-301F-11D3-BF4B-00C04F79EFBC}") = "PSVRToolbox", "PSVRToolbox\PSVRToolbox.csproj", "{71E38225-4FA8-4D01-962C-31E56F39F6DA}"
EndProject
Project("{2150E333-8FDC-42A3-9474-1A3956D46DE8}") = "Solution Items", "Solution Items", "{F65759D6-C6D1-4370-AABD-DE73A71BA2F3}"
	ProjectSection(SolutionItems) = preProject
		HowTo.txt = HowTo.txt
		LEDIdentification.png = LEDIdentification.png
	EndProjectSection
EndProject
Project("{8BC9CEB8-8B4A-11D0-8D11-00A0C91BC942}") = "VRVideoPlayer", "VRVideoPlayer\VRVideoPlayer.vcxproj", "{16FCBDA3-0C18-4F11-AF62-510B051FDBFB}"
EndProject
Project("{FAE04EC0-301F-11D3-BF4B-00C04F79EFBC}") = "VRVideoPlayerGUI", "VRVideoPlayerGUI\VRVideoPlayerGUI.csproj", "{9B40E68F-7090-4FFC-AAC7-2E357CEF34C7}"
EndProject
Project("{54435603-DBB4-11D2-8724-00A0C9A8B90C}") = "PSVRToolboxSetup", "PSVRToolboxSetup\PSVRToolboxSetup.vdproj", "{92CA3585-4A63-4C1D-A72D-D5623570CD6E}"
EndProject
Project("{FAE04EC0-301F-11D3-BF4B-00C04F79EFBC}") = "PSVRService", "PSVRService\PSVRService.csproj", "{E08877B2-ABE5-418A-9C65-9B90AEA10178}"
EndProject
Global
	GlobalSection(SolutionConfigurationPlatforms) = preSolution
		Debug|Any CPU = Debug|Any CPU
		Debug|x64 = Debug|x64
		Debug|x86 = Debug|x86
		Release|Any CPU = Release|Any CPU
		Release|x64 = Release|x64
		Release|x86 = Release|x86
	EndGlobalSection
	GlobalSection(ProjectConfigurationPlatforms) = postSolution
		{2FE9F4C1-268E-4126-A2B5-56D54882933B}.Debug|Any CPU.ActiveCfg = Debug|Any CPU
		{2FE9F4C1-268E-4126-A2B5-56D54882933B}.Debug|Any CPU.Build.0 = Debug|Any CPU
		{2FE9F4C1-268E-4126-A2B5-56D54882933B}.Debug|x64.ActiveCfg = Debug|Any CPU
		{2FE9F4C1-268E-4126-A2B5-56D54882933B}.Debug|x64.Build.0 = Debug|Any CPU
		{2FE9F4C1-268E-4126-A2B5-56D54882933B}.Debug|x86.ActiveCfg = Debug|Any CPU
		{2FE9F4C1-268E-4126-A2B5-56D54882933B}.Debug|x86.Build.0 = Debug|Any CPU
		{2FE9F4C1-268E-4126-A2B5-56D54882933B}.Release|Any CPU.ActiveCfg = Release|Any CPU
		{2FE9F4C1-268E-4126-A2B5-56D54882933B}.Release|Any CPU.Build.0 = Release|Any CPU
		{2FE9F4C1-268E-4126-A2B5-56D54882933B}.Release|x64.ActiveCfg = Release|Any CPU
		{2FE9F4C1-268E-4126-A2B5-56D54882933B}.Release|x64.Build.0 = Release|Any CPU
		{2FE9F4C1-268E-4126-A2B5-56D54882933B}.Release|x86.ActiveCfg = Release|Any CPU
		{2FE9F4C1-268E-4126-A2B5-56D54882933B}.Release|x86.Build.0 = Release|Any CPU
		{71E38225-4FA8-4D01-962C-31E56F39F6DA}.Debug|Any CPU.ActiveCfg = Debug|Any CPU
		{71E38225-4FA8-4D01-962C-31E56F39F6DA}.Debug|Any CPU.Build.0 = Debug|Any CPU
		{71E38225-4FA8-4D01-962C-31E56F39F6DA}.Debug|x64.ActiveCfg = Debug|Any CPU
		{71E38225-4FA8-4D01-962C-31E56F39F6DA}.Debug|x64.Build.0 = Debug|Any CPU
		{71E38225-4FA8-4D01-962C-31E56F39F6DA}.Debug|x86.ActiveCfg = Debug|Any CPU
		{71E38225-4FA8-4D01-962C-31E56F39F6DA}.Debug|x86.Build.0 = Debug|Any CPU
		{71E38225-4FA8-4D01-962C-31E56F39F6DA}.Release|Any CPU.ActiveCfg = Release|Any CPU
		{71E38225-4FA8-4D01-962C-31E56F39F6DA}.Release|Any CPU.Build.0 = Release|Any CPU
		{71E38225-4FA8-4D01-962C-31E56F39F6DA}.Release|x64.ActiveCfg = Release|Any CPU
		{71E38225-4FA8-4D01-962C-31E56F39F6DA}.Release|x64.Build.0 = Release|Any CPU
		{71E38225-4FA8-4D01-962C-31E56F39F6DA}.Release|x86.ActiveCfg = Release|Any CPU
		{71E38225-4FA8-4D01-962C-31E56F39F6DA}.Release|x86.Build.0 = Release|Any CPU
		{16FCBDA3-0C18-4F11-AF62-510B051FDBFB}.Debug|Any CPU.ActiveCfg = Debug|x64
		{16FCBDA3-0C18-4F11-AF62-510B051FDBFB}.Debug|x64.ActiveCfg = Debug|x64
		{16FCBDA3-0C18-4F11-AF62-510B051FDBFB}.Debug|x64.Build.0 = Debug|x64
		{16FCBDA3-0C18-4F11-AF62-510B051FDBFB}.Debug|x86.ActiveCfg = Debug|x64
		{16FCBDA3-0C18-4F11-AF62-510B051FDBFB}.Release|Any CPU.ActiveCfg = Release|x64
		{16FCBDA3-0C18-4F11-AF62-510B051FDBFB}.Release|x64.ActiveCfg = Release|x64
		{16FCBDA3-0C18-4F11-AF62-510B051FDBFB}.Release|x64.Build.0 = Release|x64
		{16FCBDA3-0C18-4F11-AF62-510B051FDBFB}.Release|x86.ActiveCfg = Release|x64
		{9B40E68F-7090-4FFC-AAC7-2E357CEF34C7}.Debug|Any CPU.ActiveCfg = Debug|x64
		{9B40E68F-7090-4FFC-AAC7-2E357CEF34C7}.Debug|x64.ActiveCfg = Debug|x64
		{9B40E68F-7090-4FFC-AAC7-2E357CEF34C7}.Debug|x64.Build.0 = Debug|x64
		{9B40E68F-7090-4FFC-AAC7-2E357CEF34C7}.Debug|x86.ActiveCfg = Debug|x64
		{9B40E68F-7090-4FFC-AAC7-2E357CEF34C7}.Release|Any CPU.ActiveCfg = Release|x64
		{9B40E68F-7090-4FFC-AAC7-2E357CEF34C7}.Release|x64.ActiveCfg = Release|x64
		{9B40E68F-7090-4FFC-AAC7-2E357CEF34C7}.Release|x64.Build.0 = Release|x64
		{9B40E68F-7090-4FFC-AAC7-2E357CEF34C7}.Release|x86.ActiveCfg = Release|x64
		{92CA3585-4A63-4C1D-A72D-D5623570CD6E}.Debug|Any CPU.ActiveCfg = Debug
		{92CA3585-4A63-4C1D-A72D-D5623570CD6E}.Debug|x64.ActiveCfg = Debug
		{92CA3585-4A63-4C1D-A72D-D5623570CD6E}.Debug|x86.ActiveCfg = Debug
		{92CA3585-4A63-4C1D-A72D-D5623570CD6E}.Release|Any CPU.ActiveCfg = Release
		{92CA3585-4A63-4C1D-A72D-D5623570CD6E}.Release|x64.ActiveCfg = Release
		{92CA3585-4A63-4C1D-A72D-D5623570CD6E}.Release|x86.ActiveCfg = Release
		{E08877B2-ABE5-418A-9C65-9B90AEA10178}.Debug|Any CPU.ActiveCfg = Debug|Any CPU
		{E08877B2-ABE5-418A-9C65-9B90AEA10178}.Debug|Any CPU.Build.0 = Debug|Any CPU
		{E08877B2-ABE5-418A-9C65-9B90AEA10178}.Debug|x64.ActiveCfg = Debug|Any CPU
		{E08877B2-ABE5-418A-9C65-9B90AEA10178}.Debug|x64.Build.0 = Debug|Any CPU
		{E08877B2-ABE5-418A-9C65-9B90AEA10178}.Debug|x86.ActiveCfg = Debug|Any CPU
		{E08877B2-ABE5-418A-9C65-9B90AEA10178}.Debug|x86.Build.0 = Debug|Any CPU
		{E08877B2-ABE5-418A-9C65-9B90AEA10178}.Release|Any CPU.ActiveCfg = Release|Any CPU
		{E08877B2-ABE5-418A-9C65-9B90AEA10178}.Release|Any CPU.Build.0 = Release|Any CPU
		{E08877B2-ABE5-418A-9C65-9B90AEA10178}.Release|x64.ActiveCfg = Release|Any CPU
		{E08877B2-ABE5-418A-9C65-9B90AEA10178}.Release|x64.Build.0 = Release|Any CPU
		{E08877B2-ABE5-418A-9C65-9B90AEA10178}.Release|x86.ActiveCfg = Release|Any CPU
		{E08877B2-ABE5-418A-9C65-9B90AEA10178}.Release|x86.Build.0 = Release|Any CPU
	EndGlobalSection
	GlobalSection(SolutionProperties) = preSolution
		HideSolutionNode = FALSE
	EndGlobalSection
EndGlobal
