
Microsoft Visual Studio Solution File, Format Version 12.00
# Visual Studio 14
VisualStudioVersion = 14.0.25420.1
MinimumVisualStudioVersion = 10.0.40219.1
Project("{FAE04EC0-301F-11D3-BF4B-00C04F79EFBC}") = "PSVRFramework", "PSVRFramework\PSVRFramework.csproj", "{2FE9F4C1-268E-4126-A2B5-56D54882933B}"
EndProject
Project("{FAE04EC0-301F-11D3-BF4B-00C04F79EFBC}") = "PSVRToolbox", "PSVRToolbox\PSVRToolbox.csproj", "{71E38225-4FA8-4D01-962C-31E56F39F6DA}"
EndProject
Project("{2150E333-8FDC-42A3-9474-1A3956D46DE8}") = "Solution Items", "Solution Items", "{F65759D6-C6D1-4370-AABD-DE73A71BA2F3}"
	ProjectSection(SolutionItems) = preProject
		HowTo.txt = HowTo.txt
	EndProjectSection
EndProject
Project("{FAE04EC0-301F-11D3-BF4B-00C04F79EFBC}") = "PSVRSensorListener", "PSVRSensorListener\PSVRSensorListener.csproj", "{168EDAE3-110E-419E-9013-A26FE4F2B6EB}"
EndProject
Project("{8BC9CEB8-8B4A-11D0-8D11-00A0C91BC942}") = "VRVideoPlayer", "VRVideoPlayer\VRVideoPlayer.vcxproj", "{16FCBDA3-0C18-4F11-AF62-510B051FDBFB}"
EndProject
Project("{FAE04EC0-301F-11D3-BF4B-00C04F79EFBC}") = "VRVideoPlayerGUI", "VRVideoPlayerGUI\VRVideoPlayerGUI.csproj", "{9B40E68F-7090-4FFC-AAC7-2E357CEF34C7}"
EndProject
Project("{6141683F-8A12-4E36-9623-2EB02B2C2303}") = "PSVRToolboxSetup", "PSVRToolboxSetup\PSVRToolboxSetup.isproj", "{EAC05EF5-B1B6-4BA8-8FFF-5CA2C97925A7}"
EndProject
Global
	GlobalSection(SolutionConfigurationPlatforms) = preSolution
		CD_ROM|Any CPU = CD_ROM|Any CPU
		CD_ROM|x64 = CD_ROM|x64
		CD_ROM|x86 = CD_ROM|x86
		Debug|Any CPU = Debug|Any CPU
		Debug|x64 = Debug|x64
		Debug|x86 = Debug|x86
		DVD-5|Any CPU = DVD-5|Any CPU
		DVD-5|x64 = DVD-5|x64
		DVD-5|x86 = DVD-5|x86
		Release|Any CPU = Release|Any CPU
		Release|x64 = Release|x64
		Release|x86 = Release|x86
		SingleImage|Any CPU = SingleImage|Any CPU
		SingleImage|x64 = SingleImage|x64
		SingleImage|x86 = SingleImage|x86
	EndGlobalSection
	GlobalSection(ProjectConfigurationPlatforms) = postSolution
		{2FE9F4C1-268E-4126-A2B5-56D54882933B}.CD_ROM|Any CPU.ActiveCfg = Release|Any CPU
		{2FE9F4C1-268E-4126-A2B5-56D54882933B}.CD_ROM|Any CPU.Build.0 = Release|Any CPU
		{2FE9F4C1-268E-4126-A2B5-56D54882933B}.CD_ROM|x64.ActiveCfg = Release|Any CPU
		{2FE9F4C1-268E-4126-A2B5-56D54882933B}.CD_ROM|x64.Build.0 = Release|Any CPU
		{2FE9F4C1-268E-4126-A2B5-56D54882933B}.CD_ROM|x86.ActiveCfg = Release|Any CPU
		{2FE9F4C1-268E-4126-A2B5-56D54882933B}.CD_ROM|x86.Build.0 = Release|Any CPU
		{2FE9F4C1-268E-4126-A2B5-56D54882933B}.Debug|Any CPU.ActiveCfg = Debug|Any CPU
		{2FE9F4C1-268E-4126-A2B5-56D54882933B}.Debug|Any CPU.Build.0 = Debug|Any CPU
		{2FE9F4C1-268E-4126-A2B5-56D54882933B}.Debug|x64.ActiveCfg = Debug|Any CPU
		{2FE9F4C1-268E-4126-A2B5-56D54882933B}.Debug|x64.Build.0 = Debug|Any CPU
		{2FE9F4C1-268E-4126-A2B5-56D54882933B}.Debug|x86.ActiveCfg = Debug|Any CPU
		{2FE9F4C1-268E-4126-A2B5-56D54882933B}.Debug|x86.Build.0 = Debug|Any CPU
		{2FE9F4C1-268E-4126-A2B5-56D54882933B}.DVD-5|Any CPU.ActiveCfg = Debug|Any CPU
		{2FE9F4C1-268E-4126-A2B5-56D54882933B}.DVD-5|Any CPU.Build.0 = Debug|Any CPU
		{2FE9F4C1-268E-4126-A2B5-56D54882933B}.DVD-5|x64.ActiveCfg = Debug|Any CPU
		{2FE9F4C1-268E-4126-A2B5-56D54882933B}.DVD-5|x64.Build.0 = Debug|Any CPU
		{2FE9F4C1-268E-4126-A2B5-56D54882933B}.DVD-5|x86.ActiveCfg = Debug|Any CPU
		{2FE9F4C1-268E-4126-A2B5-56D54882933B}.DVD-5|x86.Build.0 = Debug|Any CPU
		{2FE9F4C1-268E-4126-A2B5-56D54882933B}.Release|Any CPU.ActiveCfg = Release|Any CPU
		{2FE9F4C1-268E-4126-A2B5-56D54882933B}.Release|Any CPU.Build.0 = Release|Any CPU
		{2FE9F4C1-268E-4126-A2B5-56D54882933B}.Release|x64.ActiveCfg = Release|Any CPU
		{2FE9F4C1-268E-4126-A2B5-56D54882933B}.Release|x64.Build.0 = Release|Any CPU
		{2FE9F4C1-268E-4126-A2B5-56D54882933B}.Release|x86.ActiveCfg = Release|Any CPU
		{2FE9F4C1-268E-4126-A2B5-56D54882933B}.Release|x86.Build.0 = Release|Any CPU
		{2FE9F4C1-268E-4126-A2B5-56D54882933B}.SingleImage|Any CPU.ActiveCfg = Release|Any CPU
		{2FE9F4C1-268E-4126-A2B5-56D54882933B}.SingleImage|Any CPU.Build.0 = Release|Any CPU
		{2FE9F4C1-268E-4126-A2B5-56D54882933B}.SingleImage|x64.ActiveCfg = Release|Any CPU
		{2FE9F4C1-268E-4126-A2B5-56D54882933B}.SingleImage|x64.Build.0 = Release|Any CPU
		{2FE9F4C1-268E-4126-A2B5-56D54882933B}.SingleImage|x86.ActiveCfg = Release|Any CPU
		{2FE9F4C1-268E-4126-A2B5-56D54882933B}.SingleImage|x86.Build.0 = Release|Any CPU
		{71E38225-4FA8-4D01-962C-31E56F39F6DA}.CD_ROM|Any CPU.ActiveCfg = Release|Any CPU
		{71E38225-4FA8-4D01-962C-31E56F39F6DA}.CD_ROM|Any CPU.Build.0 = Release|Any CPU
		{71E38225-4FA8-4D01-962C-31E56F39F6DA}.CD_ROM|x64.ActiveCfg = Release|Any CPU
		{71E38225-4FA8-4D01-962C-31E56F39F6DA}.CD_ROM|x64.Build.0 = Release|Any CPU
		{71E38225-4FA8-4D01-962C-31E56F39F6DA}.CD_ROM|x86.ActiveCfg = Release|Any CPU
		{71E38225-4FA8-4D01-962C-31E56F39F6DA}.CD_ROM|x86.Build.0 = Release|Any CPU
		{71E38225-4FA8-4D01-962C-31E56F39F6DA}.Debug|Any CPU.ActiveCfg = Debug|Any CPU
		{71E38225-4FA8-4D01-962C-31E56F39F6DA}.Debug|Any CPU.Build.0 = Debug|Any CPU
		{71E38225-4FA8-4D01-962C-31E56F39F6DA}.Debug|x64.ActiveCfg = Debug|Any CPU
		{71E38225-4FA8-4D01-962C-31E56F39F6DA}.Debug|x64.Build.0 = Debug|Any CPU
		{71E38225-4FA8-4D01-962C-31E56F39F6DA}.Debug|x86.ActiveCfg = Debug|Any CPU
		{71E38225-4FA8-4D01-962C-31E56F39F6DA}.Debug|x86.Build.0 = Debug|Any CPU
		{71E38225-4FA8-4D01-962C-31E56F39F6DA}.DVD-5|Any CPU.ActiveCfg = Debug|Any CPU
		{71E38225-4FA8-4D01-962C-31E56F39F6DA}.DVD-5|Any CPU.Build.0 = Debug|Any CPU
		{71E38225-4FA8-4D01-962C-31E56F39F6DA}.DVD-5|x64.ActiveCfg = Debug|Any CPU
		{71E38225-4FA8-4D01-962C-31E56F39F6DA}.DVD-5|x64.Build.0 = Debug|Any CPU
		{71E38225-4FA8-4D01-962C-31E56F39F6DA}.DVD-5|x86.ActiveCfg = Debug|Any CPU
		{71E38225-4FA8-4D01-962C-31E56F39F6DA}.DVD-5|x86.Build.0 = Debug|Any CPU
		{71E38225-4FA8-4D01-962C-31E56F39F6DA}.Release|Any CPU.ActiveCfg = Release|Any CPU
		{71E38225-4FA8-4D01-962C-31E56F39F6DA}.Release|Any CPU.Build.0 = Release|Any CPU
		{71E38225-4FA8-4D01-962C-31E56F39F6DA}.Release|x64.ActiveCfg = Release|Any CPU
		{71E38225-4FA8-4D01-962C-31E56F39F6DA}.Release|x64.Build.0 = Release|Any CPU
		{71E38225-4FA8-4D01-962C-31E56F39F6DA}.Release|x86.ActiveCfg = Release|Any CPU
		{71E38225-4FA8-4D01-962C-31E56F39F6DA}.Release|x86.Build.0 = Release|Any CPU
		{71E38225-4FA8-4D01-962C-31E56F39F6DA}.SingleImage|Any CPU.ActiveCfg = Release|Any CPU
		{71E38225-4FA8-4D01-962C-31E56F39F6DA}.SingleImage|Any CPU.Build.0 = Release|Any CPU
		{71E38225-4FA8-4D01-962C-31E56F39F6DA}.SingleImage|x64.ActiveCfg = Release|Any CPU
		{71E38225-4FA8-4D01-962C-31E56F39F6DA}.SingleImage|x64.Build.0 = Release|Any CPU
		{71E38225-4FA8-4D01-962C-31E56F39F6DA}.SingleImage|x86.ActiveCfg = Release|Any CPU
		{71E38225-4FA8-4D01-962C-31E56F39F6DA}.SingleImage|x86.Build.0 = Release|Any CPU
		{168EDAE3-110E-419E-9013-A26FE4F2B6EB}.CD_ROM|Any CPU.ActiveCfg = Release|Any CPU
		{168EDAE3-110E-419E-9013-A26FE4F2B6EB}.CD_ROM|Any CPU.Build.0 = Release|Any CPU
		{168EDAE3-110E-419E-9013-A26FE4F2B6EB}.CD_ROM|x64.ActiveCfg = Release|Any CPU
		{168EDAE3-110E-419E-9013-A26FE4F2B6EB}.CD_ROM|x64.Build.0 = Release|Any CPU
		{168EDAE3-110E-419E-9013-A26FE4F2B6EB}.CD_ROM|x86.ActiveCfg = Release|Any CPU
		{168EDAE3-110E-419E-9013-A26FE4F2B6EB}.CD_ROM|x86.Build.0 = Release|Any CPU
		{168EDAE3-110E-419E-9013-A26FE4F2B6EB}.Debug|Any CPU.ActiveCfg = Debug|Any CPU
		{168EDAE3-110E-419E-9013-A26FE4F2B6EB}.Debug|Any CPU.Build.0 = Debug|Any CPU
		{168EDAE3-110E-419E-9013-A26FE4F2B6EB}.Debug|x64.ActiveCfg = Debug|Any CPU
		{168EDAE3-110E-419E-9013-A26FE4F2B6EB}.Debug|x64.Build.0 = Debug|Any CPU
		{168EDAE3-110E-419E-9013-A26FE4F2B6EB}.Debug|x86.ActiveCfg = Debug|Any CPU
		{168EDAE3-110E-419E-9013-A26FE4F2B6EB}.Debug|x86.Build.0 = Debug|Any CPU
		{168EDAE3-110E-419E-9013-A26FE4F2B6EB}.DVD-5|Any CPU.ActiveCfg = Debug|Any CPU
		{168EDAE3-110E-419E-9013-A26FE4F2B6EB}.DVD-5|Any CPU.Build.0 = Debug|Any CPU
		{168EDAE3-110E-419E-9013-A26FE4F2B6EB}.DVD-5|x64.ActiveCfg = Debug|Any CPU
		{168EDAE3-110E-419E-9013-A26FE4F2B6EB}.DVD-5|x64.Build.0 = Debug|Any CPU
		{168EDAE3-110E-419E-9013-A26FE4F2B6EB}.DVD-5|x86.ActiveCfg = Debug|Any CPU
		{168EDAE3-110E-419E-9013-A26FE4F2B6EB}.DVD-5|x86.Build.0 = Debug|Any CPU
		{168EDAE3-110E-419E-9013-A26FE4F2B6EB}.Release|Any CPU.ActiveCfg = Release|Any CPU
		{168EDAE3-110E-419E-9013-A26FE4F2B6EB}.Release|Any CPU.Build.0 = Release|Any CPU
		{168EDAE3-110E-419E-9013-A26FE4F2B6EB}.Release|x64.ActiveCfg = Release|Any CPU
		{168EDAE3-110E-419E-9013-A26FE4F2B6EB}.Release|x64.Build.0 = Release|Any CPU
		{168EDAE3-110E-419E-9013-A26FE4F2B6EB}.Release|x86.ActiveCfg = Release|Any CPU
		{168EDAE3-110E-419E-9013-A26FE4F2B6EB}.Release|x86.Build.0 = Release|Any CPU
		{168EDAE3-110E-419E-9013-A26FE4F2B6EB}.SingleImage|Any CPU.ActiveCfg = Release|Any CPU
		{168EDAE3-110E-419E-9013-A26FE4F2B6EB}.SingleImage|Any CPU.Build.0 = Release|Any CPU
		{168EDAE3-110E-419E-9013-A26FE4F2B6EB}.SingleImage|x64.ActiveCfg = Release|Any CPU
		{168EDAE3-110E-419E-9013-A26FE4F2B6EB}.SingleImage|x64.Build.0 = Release|Any CPU
		{168EDAE3-110E-419E-9013-A26FE4F2B6EB}.SingleImage|x86.ActiveCfg = Release|Any CPU
		{168EDAE3-110E-419E-9013-A26FE4F2B6EB}.SingleImage|x86.Build.0 = Release|Any CPU
		{16FCBDA3-0C18-4F11-AF62-510B051FDBFB}.CD_ROM|Any CPU.ActiveCfg = Release|Win32
		{16FCBDA3-0C18-4F11-AF62-510B051FDBFB}.CD_ROM|x64.ActiveCfg = Release|x64
		{16FCBDA3-0C18-4F11-AF62-510B051FDBFB}.CD_ROM|x86.ActiveCfg = Release|Win32
		{16FCBDA3-0C18-4F11-AF62-510B051FDBFB}.Debug|Any CPU.ActiveCfg = Debug|x64
		{16FCBDA3-0C18-4F11-AF62-510B051FDBFB}.Debug|x64.ActiveCfg = Debug|x64
		{16FCBDA3-0C18-4F11-AF62-510B051FDBFB}.Debug|x64.Build.0 = Debug|x64
		{16FCBDA3-0C18-4F11-AF62-510B051FDBFB}.Debug|x86.ActiveCfg = Debug|x64
		{16FCBDA3-0C18-4F11-AF62-510B051FDBFB}.DVD-5|Any CPU.ActiveCfg = Release|Win32
		{16FCBDA3-0C18-4F11-AF62-510B051FDBFB}.DVD-5|x64.ActiveCfg = Debug|x64
		{16FCBDA3-0C18-4F11-AF62-510B051FDBFB}.DVD-5|x86.ActiveCfg = Debug|Win32
		{16FCBDA3-0C18-4F11-AF62-510B051FDBFB}.Release|Any CPU.ActiveCfg = Release|x64
		{16FCBDA3-0C18-4F11-AF62-510B051FDBFB}.Release|x64.ActiveCfg = Release|x64
		{16FCBDA3-0C18-4F11-AF62-510B051FDBFB}.Release|x64.Build.0 = Release|x64
		{16FCBDA3-0C18-4F11-AF62-510B051FDBFB}.Release|x86.ActiveCfg = Release|x64
		{16FCBDA3-0C18-4F11-AF62-510B051FDBFB}.SingleImage|Any CPU.ActiveCfg = Release|Win32
		{16FCBDA3-0C18-4F11-AF62-510B051FDBFB}.SingleImage|x64.ActiveCfg = Release|x64
		{16FCBDA3-0C18-4F11-AF62-510B051FDBFB}.SingleImage|x86.ActiveCfg = Release|Win32
		{9B40E68F-7090-4FFC-AAC7-2E357CEF34C7}.CD_ROM|Any CPU.ActiveCfg = Release|Any CPU
		{9B40E68F-7090-4FFC-AAC7-2E357CEF34C7}.CD_ROM|x64.ActiveCfg = Release|x64
		{9B40E68F-7090-4FFC-AAC7-2E357CEF34C7}.CD_ROM|x86.ActiveCfg = Release|x86
		{9B40E68F-7090-4FFC-AAC7-2E357CEF34C7}.Debug|Any CPU.ActiveCfg = Debug|x64
		{9B40E68F-7090-4FFC-AAC7-2E357CEF34C7}.Debug|x64.ActiveCfg = Debug|x64
		{9B40E68F-7090-4FFC-AAC7-2E357CEF34C7}.Debug|x64.Build.0 = Debug|x64
		{9B40E68F-7090-4FFC-AAC7-2E357CEF34C7}.Debug|x86.ActiveCfg = Debug|x64
		{9B40E68F-7090-4FFC-AAC7-2E357CEF34C7}.DVD-5|Any CPU.ActiveCfg = Debug|Any CPU
		{9B40E68F-7090-4FFC-AAC7-2E357CEF34C7}.DVD-5|x64.ActiveCfg = Debug|x64
		{9B40E68F-7090-4FFC-AAC7-2E357CEF34C7}.DVD-5|x86.ActiveCfg = Debug|x86
		{9B40E68F-7090-4FFC-AAC7-2E357CEF34C7}.Release|Any CPU.ActiveCfg = Release|x64
		{9B40E68F-7090-4FFC-AAC7-2E357CEF34C7}.Release|x64.ActiveCfg = Release|x64
		{9B40E68F-7090-4FFC-AAC7-2E357CEF34C7}.Release|x64.Build.0 = Release|x64
		{9B40E68F-7090-4FFC-AAC7-2E357CEF34C7}.Release|x86.ActiveCfg = Release|x64
		{9B40E68F-7090-4FFC-AAC7-2E357CEF34C7}.SingleImage|Any CPU.ActiveCfg = Release|Any CPU
		{9B40E68F-7090-4FFC-AAC7-2E357CEF34C7}.SingleImage|x64.ActiveCfg = Release|x64
		{9B40E68F-7090-4FFC-AAC7-2E357CEF34C7}.SingleImage|x86.ActiveCfg = Release|x86
		{EAC05EF5-B1B6-4BA8-8FFF-5CA2C97925A7}.CD_ROM|Any CPU.ActiveCfg = CD_ROM
		{EAC05EF5-B1B6-4BA8-8FFF-5CA2C97925A7}.CD_ROM|Any CPU.Build.0 = CD_ROM
		{EAC05EF5-B1B6-4BA8-8FFF-5CA2C97925A7}.CD_ROM|x64.ActiveCfg = CD_ROM
		{EAC05EF5-B1B6-4BA8-8FFF-5CA2C97925A7}.CD_ROM|x64.Build.0 = CD_ROM
		{EAC05EF5-B1B6-4BA8-8FFF-5CA2C97925A7}.CD_ROM|x86.ActiveCfg = CD_ROM
		{EAC05EF5-B1B6-4BA8-8FFF-5CA2C97925A7}.CD_ROM|x86.Build.0 = CD_ROM
		{EAC05EF5-B1B6-4BA8-8FFF-5CA2C97925A7}.Debug|Any CPU.ActiveCfg = DVD-5
		{EAC05EF5-B1B6-4BA8-8FFF-5CA2C97925A7}.Debug|x64.ActiveCfg = DVD-5
		{EAC05EF5-B1B6-4BA8-8FFF-5CA2C97925A7}.Debug|x86.ActiveCfg = DVD-5
		{EAC05EF5-B1B6-4BA8-8FFF-5CA2C97925A7}.DVD-5|Any CPU.ActiveCfg = DVD-5
		{EAC05EF5-B1B6-4BA8-8FFF-5CA2C97925A7}.DVD-5|Any CPU.Build.0 = DVD-5
		{EAC05EF5-B1B6-4BA8-8FFF-5CA2C97925A7}.DVD-5|x64.ActiveCfg = DVD-5
		{EAC05EF5-B1B6-4BA8-8FFF-5CA2C97925A7}.DVD-5|x64.Build.0 = DVD-5
		{EAC05EF5-B1B6-4BA8-8FFF-5CA2C97925A7}.DVD-5|x86.ActiveCfg = DVD-5
		{EAC05EF5-B1B6-4BA8-8FFF-5CA2C97925A7}.DVD-5|x86.Build.0 = DVD-5
		{EAC05EF5-B1B6-4BA8-8FFF-5CA2C97925A7}.Release|Any CPU.ActiveCfg = SingleImage
		{EAC05EF5-B1B6-4BA8-8FFF-5CA2C97925A7}.Release|x64.ActiveCfg = SingleImage
		{EAC05EF5-B1B6-4BA8-8FFF-5CA2C97925A7}.Release|x86.ActiveCfg = SingleImage
		{EAC05EF5-B1B6-4BA8-8FFF-5CA2C97925A7}.Release|x86.Build.0 = SingleImage
		{EAC05EF5-B1B6-4BA8-8FFF-5CA2C97925A7}.SingleImage|Any CPU.ActiveCfg = SingleImage
		{EAC05EF5-B1B6-4BA8-8FFF-5CA2C97925A7}.SingleImage|Any CPU.Build.0 = SingleImage
		{EAC05EF5-B1B6-4BA8-8FFF-5CA2C97925A7}.SingleImage|x64.ActiveCfg = SingleImage
		{EAC05EF5-B1B6-4BA8-8FFF-5CA2C97925A7}.SingleImage|x64.Build.0 = SingleImage
		{EAC05EF5-B1B6-4BA8-8FFF-5CA2C97925A7}.SingleImage|x86.ActiveCfg = SingleImage
		{EAC05EF5-B1B6-4BA8-8FFF-5CA2C97925A7}.SingleImage|x86.Build.0 = SingleImage
	EndGlobalSection
	GlobalSection(SolutionProperties) = preSolution
		HideSolutionNode = FALSE
	EndGlobalSection
EndGlobal
